
Microsoft Visual Studio Solution File, Format Version 12.00
# Visual Studio Version 17
VisualStudioVersion = 17.0.31912.275
MinimumVisualStudioVersion = 10.0.40219.1
Project("{9A19103F-16F7-4668-BE54-9A1E7A4F7556}") = "ComicsStore.API", "ComicsStore.API\ComicsStore.API.csproj", "{2B736621-0996-4791-B585-EBEE6654FFDB}"
EndProject
Project("{9A19103F-16F7-4668-BE54-9A1E7A4F7556}") = "ComicsStore.Data", "ComicsStore.Data\ComicsStore.Data.csproj", "{11D61E63-BCC0-4C29-9992-347FDAE891FD}"
EndProject
Project("{9A19103F-16F7-4668-BE54-9A1E7A4F7556}") = "ComicsStore.MiddleWare", "ComicsStore.MiddleWare\ComicsStore.MiddleWare.csproj", "{FA4006A2-FC01-4EFA-B874-47ED67A3A78F}"
EndProject
Project("{9A19103F-16F7-4668-BE54-9A1E7A4F7556}") = "ComicsStore.Tests", "Tests\ComicsStore.Tests.csproj", "{FC4DC46B-2019-4821-A7C2-D46A51D73DE4}"
EndProject
Project("{9A19103F-16F7-4668-BE54-9A1E7A4F7556}") = "Migrate", "Migrate\Migrate.csproj", "{B6E6ACD3-776E-40A5-9577-AD59A37E132E}"
EndProject
Project("{9A19103F-16F7-4668-BE54-9A1E7A4F7556}") = "ComicsLibrary", "ComicsLibrary\ComicsLibrary.csproj", "{991E26F2-B7D6-49ED-A761-70E92DEF59D3}"
EndProject
Project("{2150E333-8FDC-42A3-9474-1A3956D46DE8}") = "Solution Items", "Solution Items", "{B9863AF4-CE50-44FD-ABA2-7D06378BFAF4}"
	ProjectSection(SolutionItems) = preProject
		.editorconfig = .editorconfig
	EndProjectSection
EndProject
Project("{9A19103F-16F7-4668-BE54-9A1E7A4F7556}") = "ComicsStore.Controls", "ComicsStore.Controls\ComicsStore.Controls.csproj", "{B1AED88A-4A02-4875-8D27-DF034A36BC98}"
EndProject
Project("{9A19103F-16F7-4668-BE54-9A1E7A4F7556}") = "ComicsEntry", "ComicsEntry\ComicsEntry.csproj", "{283705FF-BC48-4904-B0BF-9A8877BF71A7}"
EndProject
Project("{FAE04EC0-301F-11D3-BF4B-00C04F79EFBC}") = "FilteredListViewControl", "FilteredListViewControl\FilteredListViewControl.csproj", "{98F7F20F-59F2-4636-B0EA-88829D75F2FC}"
EndProject
Global
	GlobalSection(SolutionConfigurationPlatforms) = preSolution
		Debug|Any CPU = Debug|Any CPU
		Debug|ARM = Debug|ARM
		Debug|x64 = Debug|x64
		Debug|x86 = Debug|x86
		Release|Any CPU = Release|Any CPU
		Release|ARM = Release|ARM
		Release|x64 = Release|x64
		Release|x86 = Release|x86
	EndGlobalSection
	GlobalSection(ProjectConfigurationPlatforms) = postSolution
		{2B736621-0996-4791-B585-EBEE6654FFDB}.Debug|Any CPU.ActiveCfg = Debug|Any CPU
		{2B736621-0996-4791-B585-EBEE6654FFDB}.Debug|Any CPU.Build.0 = Debug|Any CPU
		{2B736621-0996-4791-B585-EBEE6654FFDB}.Debug|ARM.ActiveCfg = Debug|Any CPU
		{2B736621-0996-4791-B585-EBEE6654FFDB}.Debug|ARM.Build.0 = Debug|Any CPU
		{2B736621-0996-4791-B585-EBEE6654FFDB}.Debug|x64.ActiveCfg = Debug|Any CPU
		{2B736621-0996-4791-B585-EBEE6654FFDB}.Debug|x64.Build.0 = Debug|Any CPU
		{2B736621-0996-4791-B585-EBEE6654FFDB}.Debug|x86.ActiveCfg = Debug|Any CPU
		{2B736621-0996-4791-B585-EBEE6654FFDB}.Debug|x86.Build.0 = Debug|Any CPU
		{2B736621-0996-4791-B585-EBEE6654FFDB}.Release|Any CPU.ActiveCfg = Release|Any CPU
		{2B736621-0996-4791-B585-EBEE6654FFDB}.Release|Any CPU.Build.0 = Release|Any CPU
		{2B736621-0996-4791-B585-EBEE6654FFDB}.Release|ARM.ActiveCfg = Release|Any CPU
		{2B736621-0996-4791-B585-EBEE6654FFDB}.Release|ARM.Build.0 = Release|Any CPU
		{2B736621-0996-4791-B585-EBEE6654FFDB}.Release|x64.ActiveCfg = Release|Any CPU
		{2B736621-0996-4791-B585-EBEE6654FFDB}.Release|x64.Build.0 = Release|Any CPU
		{2B736621-0996-4791-B585-EBEE6654FFDB}.Release|x86.ActiveCfg = Release|Any CPU
		{2B736621-0996-4791-B585-EBEE6654FFDB}.Release|x86.Build.0 = Release|Any CPU
		{11D61E63-BCC0-4C29-9992-347FDAE891FD}.Debug|Any CPU.ActiveCfg = Debug|Any CPU
		{11D61E63-BCC0-4C29-9992-347FDAE891FD}.Debug|Any CPU.Build.0 = Debug|Any CPU
		{11D61E63-BCC0-4C29-9992-347FDAE891FD}.Debug|ARM.ActiveCfg = Debug|Any CPU
		{11D61E63-BCC0-4C29-9992-347FDAE891FD}.Debug|ARM.Build.0 = Debug|Any CPU
		{11D61E63-BCC0-4C29-9992-347FDAE891FD}.Debug|x64.ActiveCfg = Debug|Any CPU
		{11D61E63-BCC0-4C29-9992-347FDAE891FD}.Debug|x64.Build.0 = Debug|Any CPU
		{11D61E63-BCC0-4C29-9992-347FDAE891FD}.Debug|x86.ActiveCfg = Debug|Any CPU
		{11D61E63-BCC0-4C29-9992-347FDAE891FD}.Debug|x86.Build.0 = Debug|Any CPU
		{11D61E63-BCC0-4C29-9992-347FDAE891FD}.Release|Any CPU.ActiveCfg = Release|Any CPU
		{11D61E63-BCC0-4C29-9992-347FDAE891FD}.Release|Any CPU.Build.0 = Release|Any CPU
		{11D61E63-BCC0-4C29-9992-347FDAE891FD}.Release|ARM.ActiveCfg = Release|Any CPU
		{11D61E63-BCC0-4C29-9992-347FDAE891FD}.Release|ARM.Build.0 = Release|Any CPU
		{11D61E63-BCC0-4C29-9992-347FDAE891FD}.Release|x64.ActiveCfg = Release|Any CPU
		{11D61E63-BCC0-4C29-9992-347FDAE891FD}.Release|x64.Build.0 = Release|Any CPU
		{11D61E63-BCC0-4C29-9992-347FDAE891FD}.Release|x86.ActiveCfg = Release|Any CPU
		{11D61E63-BCC0-4C29-9992-347FDAE891FD}.Release|x86.Build.0 = Release|Any CPU
		{FA4006A2-FC01-4EFA-B874-47ED67A3A78F}.Debug|Any CPU.ActiveCfg = Debug|Any CPU
		{FA4006A2-FC01-4EFA-B874-47ED67A3A78F}.Debug|Any CPU.Build.0 = Debug|Any CPU
		{FA4006A2-FC01-4EFA-B874-47ED67A3A78F}.Debug|ARM.ActiveCfg = Debug|Any CPU
		{FA4006A2-FC01-4EFA-B874-47ED67A3A78F}.Debug|ARM.Build.0 = Debug|Any CPU
		{FA4006A2-FC01-4EFA-B874-47ED67A3A78F}.Debug|x64.ActiveCfg = Debug|Any CPU
		{FA4006A2-FC01-4EFA-B874-47ED67A3A78F}.Debug|x64.Build.0 = Debug|Any CPU
		{FA4006A2-FC01-4EFA-B874-47ED67A3A78F}.Debug|x86.ActiveCfg = Debug|Any CPU
		{FA4006A2-FC01-4EFA-B874-47ED67A3A78F}.Debug|x86.Build.0 = Debug|Any CPU
		{FA4006A2-FC01-4EFA-B874-47ED67A3A78F}.Release|Any CPU.ActiveCfg = Release|Any CPU
		{FA4006A2-FC01-4EFA-B874-47ED67A3A78F}.Release|Any CPU.Build.0 = Release|Any CPU
		{FA4006A2-FC01-4EFA-B874-47ED67A3A78F}.Release|ARM.ActiveCfg = Release|Any CPU
		{FA4006A2-FC01-4EFA-B874-47ED67A3A78F}.Release|ARM.Build.0 = Release|Any CPU
		{FA4006A2-FC01-4EFA-B874-47ED67A3A78F}.Release|x64.ActiveCfg = Release|Any CPU
		{FA4006A2-FC01-4EFA-B874-47ED67A3A78F}.Release|x64.Build.0 = Release|Any CPU
		{FA4006A2-FC01-4EFA-B874-47ED67A3A78F}.Release|x86.ActiveCfg = Release|Any CPU
		{FA4006A2-FC01-4EFA-B874-47ED67A3A78F}.Release|x86.Build.0 = Release|Any CPU
		{FC4DC46B-2019-4821-A7C2-D46A51D73DE4}.Debug|Any CPU.ActiveCfg = Debug|Any CPU
		{FC4DC46B-2019-4821-A7C2-D46A51D73DE4}.Debug|Any CPU.Build.0 = Debug|Any CPU
		{FC4DC46B-2019-4821-A7C2-D46A51D73DE4}.Debug|ARM.ActiveCfg = Debug|Any CPU
		{FC4DC46B-2019-4821-A7C2-D46A51D73DE4}.Debug|ARM.Build.0 = Debug|Any CPU
		{FC4DC46B-2019-4821-A7C2-D46A51D73DE4}.Debug|x64.ActiveCfg = Debug|Any CPU
		{FC4DC46B-2019-4821-A7C2-D46A51D73DE4}.Debug|x64.Build.0 = Debug|Any CPU
		{FC4DC46B-2019-4821-A7C2-D46A51D73DE4}.Debug|x86.ActiveCfg = Debug|Any CPU
		{FC4DC46B-2019-4821-A7C2-D46A51D73DE4}.Debug|x86.Build.0 = Debug|Any CPU
		{FC4DC46B-2019-4821-A7C2-D46A51D73DE4}.Release|Any CPU.ActiveCfg = Release|Any CPU
		{FC4DC46B-2019-4821-A7C2-D46A51D73DE4}.Release|Any CPU.Build.0 = Release|Any CPU
		{FC4DC46B-2019-4821-A7C2-D46A51D73DE4}.Release|ARM.ActiveCfg = Release|Any CPU
		{FC4DC46B-2019-4821-A7C2-D46A51D73DE4}.Release|ARM.Build.0 = Release|Any CPU
		{FC4DC46B-2019-4821-A7C2-D46A51D73DE4}.Release|x64.ActiveCfg = Release|Any CPU
		{FC4DC46B-2019-4821-A7C2-D46A51D73DE4}.Release|x64.Build.0 = Release|Any CPU
		{FC4DC46B-2019-4821-A7C2-D46A51D73DE4}.Release|x86.ActiveCfg = Release|Any CPU
		{FC4DC46B-2019-4821-A7C2-D46A51D73DE4}.Release|x86.Build.0 = Release|Any CPU
		{B6E6ACD3-776E-40A5-9577-AD59A37E132E}.Debug|Any CPU.ActiveCfg = Debug|Any CPU
		{B6E6ACD3-776E-40A5-9577-AD59A37E132E}.Debug|Any CPU.Build.0 = Debug|Any CPU
		{B6E6ACD3-776E-40A5-9577-AD59A37E132E}.Debug|ARM.ActiveCfg = Debug|Any CPU
		{B6E6ACD3-776E-40A5-9577-AD59A37E132E}.Debug|ARM.Build.0 = Debug|Any CPU
		{B6E6ACD3-776E-40A5-9577-AD59A37E132E}.Debug|x64.ActiveCfg = Debug|Any CPU
		{B6E6ACD3-776E-40A5-9577-AD59A37E132E}.Debug|x64.Build.0 = Debug|Any CPU
		{B6E6ACD3-776E-40A5-9577-AD59A37E132E}.Debug|x86.ActiveCfg = Debug|Any CPU
		{B6E6ACD3-776E-40A5-9577-AD59A37E132E}.Debug|x86.Build.0 = Debug|Any CPU
		{B6E6ACD3-776E-40A5-9577-AD59A37E132E}.Release|Any CPU.ActiveCfg = Release|Any CPU
		{B6E6ACD3-776E-40A5-9577-AD59A37E132E}.Release|Any CPU.Build.0 = Release|Any CPU
		{B6E6ACD3-776E-40A5-9577-AD59A37E132E}.Release|ARM.ActiveCfg = Release|Any CPU
		{B6E6ACD3-776E-40A5-9577-AD59A37E132E}.Release|ARM.Build.0 = Release|Any CPU
		{B6E6ACD3-776E-40A5-9577-AD59A37E132E}.Release|x64.ActiveCfg = Release|Any CPU
		{B6E6ACD3-776E-40A5-9577-AD59A37E132E}.Release|x64.Build.0 = Release|Any CPU
		{B6E6ACD3-776E-40A5-9577-AD59A37E132E}.Release|x86.ActiveCfg = Release|Any CPU
		{B6E6ACD3-776E-40A5-9577-AD59A37E132E}.Release|x86.Build.0 = Release|Any CPU
		{991E26F2-B7D6-49ED-A761-70E92DEF59D3}.Debug|Any CPU.ActiveCfg = Debug|Any CPU
		{991E26F2-B7D6-49ED-A761-70E92DEF59D3}.Debug|Any CPU.Build.0 = Debug|Any CPU
		{991E26F2-B7D6-49ED-A761-70E92DEF59D3}.Debug|ARM.ActiveCfg = Debug|Any CPU
		{991E26F2-B7D6-49ED-A761-70E92DEF59D3}.Debug|ARM.Build.0 = Debug|Any CPU
		{991E26F2-B7D6-49ED-A761-70E92DEF59D3}.Debug|x64.ActiveCfg = Debug|Any CPU
		{991E26F2-B7D6-49ED-A761-70E92DEF59D3}.Debug|x64.Build.0 = Debug|Any CPU
		{991E26F2-B7D6-49ED-A761-70E92DEF59D3}.Debug|x86.ActiveCfg = Debug|Any CPU
		{991E26F2-B7D6-49ED-A761-70E92DEF59D3}.Debug|x86.Build.0 = Debug|Any CPU
		{991E26F2-B7D6-49ED-A761-70E92DEF59D3}.Release|Any CPU.ActiveCfg = Release|Any CPU
		{991E26F2-B7D6-49ED-A761-70E92DEF59D3}.Release|Any CPU.Build.0 = Release|Any CPU
		{991E26F2-B7D6-49ED-A761-70E92DEF59D3}.Release|ARM.ActiveCfg = Release|Any CPU
		{991E26F2-B7D6-49ED-A761-70E92DEF59D3}.Release|ARM.Build.0 = Release|Any CPU
		{991E26F2-B7D6-49ED-A761-70E92DEF59D3}.Release|x64.ActiveCfg = Release|Any CPU
		{991E26F2-B7D6-49ED-A761-70E92DEF59D3}.Release|x64.Build.0 = Release|Any CPU
		{991E26F2-B7D6-49ED-A761-70E92DEF59D3}.Release|x86.ActiveCfg = Release|Any CPU
		{991E26F2-B7D6-49ED-A761-70E92DEF59D3}.Release|x86.Build.0 = Release|Any CPU
		{B1AED88A-4A02-4875-8D27-DF034A36BC98}.Debug|Any CPU.ActiveCfg = Debug|Any CPU
		{B1AED88A-4A02-4875-8D27-DF034A36BC98}.Debug|Any CPU.Build.0 = Debug|Any CPU
		{B1AED88A-4A02-4875-8D27-DF034A36BC98}.Debug|ARM.ActiveCfg = Debug|Any CPU
		{B1AED88A-4A02-4875-8D27-DF034A36BC98}.Debug|ARM.Build.0 = Debug|Any CPU
		{B1AED88A-4A02-4875-8D27-DF034A36BC98}.Debug|x64.ActiveCfg = Debug|Any CPU
		{B1AED88A-4A02-4875-8D27-DF034A36BC98}.Debug|x64.Build.0 = Debug|Any CPU
		{B1AED88A-4A02-4875-8D27-DF034A36BC98}.Debug|x86.ActiveCfg = Debug|Any CPU
		{B1AED88A-4A02-4875-8D27-DF034A36BC98}.Debug|x86.Build.0 = Debug|Any CPU
		{B1AED88A-4A02-4875-8D27-DF034A36BC98}.Release|Any CPU.ActiveCfg = Release|Any CPU
		{B1AED88A-4A02-4875-8D27-DF034A36BC98}.Release|Any CPU.Build.0 = Release|Any CPU
		{B1AED88A-4A02-4875-8D27-DF034A36BC98}.Release|ARM.ActiveCfg = Release|Any CPU
		{B1AED88A-4A02-4875-8D27-DF034A36BC98}.Release|ARM.Build.0 = Release|Any CPU
		{B1AED88A-4A02-4875-8D27-DF034A36BC98}.Release|x64.ActiveCfg = Release|Any CPU
		{B1AED88A-4A02-4875-8D27-DF034A36BC98}.Release|x64.Build.0 = Release|Any CPU
		{B1AED88A-4A02-4875-8D27-DF034A36BC98}.Release|x86.ActiveCfg = Release|Any CPU
		{B1AED88A-4A02-4875-8D27-DF034A36BC98}.Release|x86.Build.0 = Release|Any CPU
		{283705FF-BC48-4904-B0BF-9A8877BF71A7}.Debug|Any CPU.ActiveCfg = Debug|Any CPU
		{283705FF-BC48-4904-B0BF-9A8877BF71A7}.Debug|Any CPU.Build.0 = Debug|Any CPU
		{283705FF-BC48-4904-B0BF-9A8877BF71A7}.Debug|ARM.ActiveCfg = Debug|Any CPU
		{283705FF-BC48-4904-B0BF-9A8877BF71A7}.Debug|ARM.Build.0 = Debug|Any CPU
		{283705FF-BC48-4904-B0BF-9A8877BF71A7}.Debug|x64.ActiveCfg = Debug|Any CPU
		{283705FF-BC48-4904-B0BF-9A8877BF71A7}.Debug|x64.Build.0 = Debug|Any CPU
		{283705FF-BC48-4904-B0BF-9A8877BF71A7}.Debug|x86.ActiveCfg = Debug|Any CPU
		{283705FF-BC48-4904-B0BF-9A8877BF71A7}.Debug|x86.Build.0 = Debug|Any CPU
		{283705FF-BC48-4904-B0BF-9A8877BF71A7}.Release|Any CPU.ActiveCfg = Release|Any CPU
		{283705FF-BC48-4904-B0BF-9A8877BF71A7}.Release|Any CPU.Build.0 = Release|Any CPU
		{283705FF-BC48-4904-B0BF-9A8877BF71A7}.Release|ARM.ActiveCfg = Release|Any CPU
		{283705FF-BC48-4904-B0BF-9A8877BF71A7}.Release|ARM.Build.0 = Release|Any CPU
		{283705FF-BC48-4904-B0BF-9A8877BF71A7}.Release|x64.ActiveCfg = Release|Any CPU
		{283705FF-BC48-4904-B0BF-9A8877BF71A7}.Release|x64.Build.0 = Release|Any CPU
		{283705FF-BC48-4904-B0BF-9A8877BF71A7}.Release|x86.ActiveCfg = Release|Any CPU
		{283705FF-BC48-4904-B0BF-9A8877BF71A7}.Release|x86.Build.0 = Release|Any CPU
		{98F7F20F-59F2-4636-B0EA-88829D75F2FC}.Debug|Any CPU.ActiveCfg = Debug|Any CPU
		{98F7F20F-59F2-4636-B0EA-88829D75F2FC}.Debug|Any CPU.Build.0 = Debug|Any CPU
		{98F7F20F-59F2-4636-B0EA-88829D75F2FC}.Debug|ARM.ActiveCfg = Debug|Any CPU
		{98F7F20F-59F2-4636-B0EA-88829D75F2FC}.Debug|ARM.Build.0 = Debug|Any CPU
		{98F7F20F-59F2-4636-B0EA-88829D75F2FC}.Debug|x64.ActiveCfg = Debug|Any CPU
		{98F7F20F-59F2-4636-B0EA-88829D75F2FC}.Debug|x64.Build.0 = Debug|Any CPU
		{98F7F20F-59F2-4636-B0EA-88829D75F2FC}.Debug|x86.ActiveCfg = Debug|Any CPU
		{98F7F20F-59F2-4636-B0EA-88829D75F2FC}.Debug|x86.Build.0 = Debug|Any CPU
		{98F7F20F-59F2-4636-B0EA-88829D75F2FC}.Release|Any CPU.ActiveCfg = Release|Any CPU
		{98F7F20F-59F2-4636-B0EA-88829D75F2FC}.Release|Any CPU.Build.0 = Release|Any CPU
		{98F7F20F-59F2-4636-B0EA-88829D75F2FC}.Release|ARM.ActiveCfg = Release|Any CPU
		{98F7F20F-59F2-4636-B0EA-88829D75F2FC}.Release|ARM.Build.0 = Release|Any CPU
		{98F7F20F-59F2-4636-B0EA-88829D75F2FC}.Release|x64.ActiveCfg = Release|Any CPU
		{98F7F20F-59F2-4636-B0EA-88829D75F2FC}.Release|x64.Build.0 = Release|Any CPU
		{98F7F20F-59F2-4636-B0EA-88829D75F2FC}.Release|x86.ActiveCfg = Release|Any CPU
		{98F7F20F-59F2-4636-B0EA-88829D75F2FC}.Release|x86.Build.0 = Release|Any CPU
	EndGlobalSection
	GlobalSection(SolutionProperties) = preSolution
		HideSolutionNode = FALSE
	EndGlobalSection
	GlobalSection(ExtensibilityGlobals) = postSolution
		SolutionGuid = {763DCF92-2BBA-4525-B2EF-6AF35BAC087D}
	EndGlobalSection
EndGlobal
