
Microsoft Visual Studio Solution File, Format Version 12.00
# Visual Studio 15
VisualStudioVersion = 15.0.28010.2003
MinimumVisualStudioVersion = 10.0.40219.1
Project("{9A19103F-16F7-4668-BE54-9A1E7A4F7556}") = "ComicsStore.API", "ComicsStore.API\ComicsStore.API.csproj", "{138AE90F-777C-4818-BDDF-9A47C2EFEED4}"
EndProject
Project("{9A19103F-16F7-4668-BE54-9A1E7A4F7556}") = "ComicsStore.MiddleWare", "ComicsStore.MiddleWare\ComicsStore.MiddleWare.csproj", "{1890AE3E-54E8-4512-B929-D1094A5E999C}"
EndProject
Project("{9A19103F-16F7-4668-BE54-9A1E7A4F7556}") = "ComicsStore.Data", "ComicsStore.Data\ComicsStore.Data.csproj", "{58111C82-E87C-4789-B787-BD8BC1184C33}"
EndProject
Project("{FAE04EC0-301F-11D3-BF4B-00C04F79EFBC}") = "StoreFront", "StoreFront\StoreFront.csproj", "{395CD9FB-8E1D-4065-8367-B97FDDAF1CCC}"
EndProject
Project("{9A19103F-16F7-4668-BE54-9A1E7A4F7556}") = "Migrate", "Migrate\Migrate.csproj", "{A00DC523-6F54-4215-A136-0E3C817C2209}"
EndProject
Project("{2150E333-8FDC-42A3-9474-1A3956D46DE8}") = "Tests", "Tests", "{80290A9F-878F-4433-A643-426E5154DAF4}"
EndProject
Project("{9A19103F-16F7-4668-BE54-9A1E7A4F7556}") = "ComicsStore.Tests", "ComicsStore.Tests\ComicsStore.Tests.csproj", "{8A746D53-EF29-41A3-B6C6-40457CB6F3CA}"
EndProject
Global
	GlobalSection(SolutionConfigurationPlatforms) = preSolution
		Debug|Any CPU = Debug|Any CPU
		Debug|ARM = Debug|ARM
		Debug|x64 = Debug|x64
		Debug|x86 = Debug|x86
		Release|Any CPU = Release|Any CPU
		Release|ARM = Release|ARM
		Release|x64 = Release|x64
		Release|x86 = Release|x86
	EndGlobalSection
	GlobalSection(ProjectConfigurationPlatforms) = postSolution
		{138AE90F-777C-4818-BDDF-9A47C2EFEED4}.Debug|Any CPU.ActiveCfg = Debug|Any CPU
		{138AE90F-777C-4818-BDDF-9A47C2EFEED4}.Debug|Any CPU.Build.0 = Debug|Any CPU
		{138AE90F-777C-4818-BDDF-9A47C2EFEED4}.Debug|ARM.ActiveCfg = Debug|Any CPU
		{138AE90F-777C-4818-BDDF-9A47C2EFEED4}.Debug|ARM.Build.0 = Debug|Any CPU
		{138AE90F-777C-4818-BDDF-9A47C2EFEED4}.Debug|x64.ActiveCfg = Debug|Any CPU
		{138AE90F-777C-4818-BDDF-9A47C2EFEED4}.Debug|x64.Build.0 = Debug|Any CPU
		{138AE90F-777C-4818-BDDF-9A47C2EFEED4}.Debug|x86.ActiveCfg = Debug|Any CPU
		{138AE90F-777C-4818-BDDF-9A47C2EFEED4}.Debug|x86.Build.0 = Debug|Any CPU
		{138AE90F-777C-4818-BDDF-9A47C2EFEED4}.Release|Any CPU.ActiveCfg = Release|Any CPU
		{138AE90F-777C-4818-BDDF-9A47C2EFEED4}.Release|Any CPU.Build.0 = Release|Any CPU
		{138AE90F-777C-4818-BDDF-9A47C2EFEED4}.Release|ARM.ActiveCfg = Release|Any CPU
		{138AE90F-777C-4818-BDDF-9A47C2EFEED4}.Release|ARM.Build.0 = Release|Any CPU
		{138AE90F-777C-4818-BDDF-9A47C2EFEED4}.Release|x64.ActiveCfg = Release|Any CPU
		{138AE90F-777C-4818-BDDF-9A47C2EFEED4}.Release|x64.Build.0 = Release|Any CPU
		{138AE90F-777C-4818-BDDF-9A47C2EFEED4}.Release|x86.ActiveCfg = Release|Any CPU
		{138AE90F-777C-4818-BDDF-9A47C2EFEED4}.Release|x86.Build.0 = Release|Any CPU
		{1890AE3E-54E8-4512-B929-D1094A5E999C}.Debug|Any CPU.ActiveCfg = Debug|Any CPU
		{1890AE3E-54E8-4512-B929-D1094A5E999C}.Debug|Any CPU.Build.0 = Debug|Any CPU
		{1890AE3E-54E8-4512-B929-D1094A5E999C}.Debug|ARM.ActiveCfg = Debug|Any CPU
		{1890AE3E-54E8-4512-B929-D1094A5E999C}.Debug|ARM.Build.0 = Debug|Any CPU
		{1890AE3E-54E8-4512-B929-D1094A5E999C}.Debug|x64.ActiveCfg = Debug|Any CPU
		{1890AE3E-54E8-4512-B929-D1094A5E999C}.Debug|x64.Build.0 = Debug|Any CPU
		{1890AE3E-54E8-4512-B929-D1094A5E999C}.Debug|x86.ActiveCfg = Debug|Any CPU
		{1890AE3E-54E8-4512-B929-D1094A5E999C}.Debug|x86.Build.0 = Debug|Any CPU
		{1890AE3E-54E8-4512-B929-D1094A5E999C}.Release|Any CPU.ActiveCfg = Release|Any CPU
		{1890AE3E-54E8-4512-B929-D1094A5E999C}.Release|Any CPU.Build.0 = Release|Any CPU
		{1890AE3E-54E8-4512-B929-D1094A5E999C}.Release|ARM.ActiveCfg = Release|Any CPU
		{1890AE3E-54E8-4512-B929-D1094A5E999C}.Release|ARM.Build.0 = Release|Any CPU
		{1890AE3E-54E8-4512-B929-D1094A5E999C}.Release|x64.ActiveCfg = Release|Any CPU
		{1890AE3E-54E8-4512-B929-D1094A5E999C}.Release|x64.Build.0 = Release|Any CPU
		{1890AE3E-54E8-4512-B929-D1094A5E999C}.Release|x86.ActiveCfg = Release|Any CPU
		{1890AE3E-54E8-4512-B929-D1094A5E999C}.Release|x86.Build.0 = Release|Any CPU
		{58111C82-E87C-4789-B787-BD8BC1184C33}.Debug|Any CPU.ActiveCfg = Debug|Any CPU
		{58111C82-E87C-4789-B787-BD8BC1184C33}.Debug|Any CPU.Build.0 = Debug|Any CPU
		{58111C82-E87C-4789-B787-BD8BC1184C33}.Debug|ARM.ActiveCfg = Debug|Any CPU
		{58111C82-E87C-4789-B787-BD8BC1184C33}.Debug|ARM.Build.0 = Debug|Any CPU
		{58111C82-E87C-4789-B787-BD8BC1184C33}.Debug|x64.ActiveCfg = Debug|Any CPU
		{58111C82-E87C-4789-B787-BD8BC1184C33}.Debug|x64.Build.0 = Debug|Any CPU
		{58111C82-E87C-4789-B787-BD8BC1184C33}.Debug|x86.ActiveCfg = Debug|Any CPU
		{58111C82-E87C-4789-B787-BD8BC1184C33}.Debug|x86.Build.0 = Debug|Any CPU
		{58111C82-E87C-4789-B787-BD8BC1184C33}.Release|Any CPU.ActiveCfg = Release|Any CPU
		{58111C82-E87C-4789-B787-BD8BC1184C33}.Release|Any CPU.Build.0 = Release|Any CPU
		{58111C82-E87C-4789-B787-BD8BC1184C33}.Release|ARM.ActiveCfg = Release|Any CPU
		{58111C82-E87C-4789-B787-BD8BC1184C33}.Release|ARM.Build.0 = Release|Any CPU
		{58111C82-E87C-4789-B787-BD8BC1184C33}.Release|x64.ActiveCfg = Release|Any CPU
		{58111C82-E87C-4789-B787-BD8BC1184C33}.Release|x64.Build.0 = Release|Any CPU
		{58111C82-E87C-4789-B787-BD8BC1184C33}.Release|x86.ActiveCfg = Release|Any CPU
		{58111C82-E87C-4789-B787-BD8BC1184C33}.Release|x86.Build.0 = Release|Any CPU
		{395CD9FB-8E1D-4065-8367-B97FDDAF1CCC}.Debug|Any CPU.ActiveCfg = Debug|x64
		{395CD9FB-8E1D-4065-8367-B97FDDAF1CCC}.Debug|Any CPU.Build.0 = Debug|x64
		{395CD9FB-8E1D-4065-8367-B97FDDAF1CCC}.Debug|ARM.ActiveCfg = Debug|ARM
		{395CD9FB-8E1D-4065-8367-B97FDDAF1CCC}.Debug|ARM.Build.0 = Debug|ARM
		{395CD9FB-8E1D-4065-8367-B97FDDAF1CCC}.Debug|ARM.Deploy.0 = Debug|ARM
		{395CD9FB-8E1D-4065-8367-B97FDDAF1CCC}.Debug|x64.ActiveCfg = Debug|x64
		{395CD9FB-8E1D-4065-8367-B97FDDAF1CCC}.Debug|x64.Build.0 = Debug|x64
		{395CD9FB-8E1D-4065-8367-B97FDDAF1CCC}.Debug|x64.Deploy.0 = Debug|x64
		{395CD9FB-8E1D-4065-8367-B97FDDAF1CCC}.Debug|x86.ActiveCfg = Debug|x86
		{395CD9FB-8E1D-4065-8367-B97FDDAF1CCC}.Debug|x86.Build.0 = Debug|x86
		{395CD9FB-8E1D-4065-8367-B97FDDAF1CCC}.Debug|x86.Deploy.0 = Debug|x86
		{395CD9FB-8E1D-4065-8367-B97FDDAF1CCC}.Release|Any CPU.ActiveCfg = Release|x86
		{395CD9FB-8E1D-4065-8367-B97FDDAF1CCC}.Release|ARM.ActiveCfg = Release|ARM
		{395CD9FB-8E1D-4065-8367-B97FDDAF1CCC}.Release|ARM.Build.0 = Release|ARM
		{395CD9FB-8E1D-4065-8367-B97FDDAF1CCC}.Release|ARM.Deploy.0 = Release|ARM
		{395CD9FB-8E1D-4065-8367-B97FDDAF1CCC}.Release|x64.ActiveCfg = Release|x64
		{395CD9FB-8E1D-4065-8367-B97FDDAF1CCC}.Release|x64.Build.0 = Release|x64
		{395CD9FB-8E1D-4065-8367-B97FDDAF1CCC}.Release|x64.Deploy.0 = Release|x64
		{395CD9FB-8E1D-4065-8367-B97FDDAF1CCC}.Release|x86.ActiveCfg = Release|x86
		{395CD9FB-8E1D-4065-8367-B97FDDAF1CCC}.Release|x86.Build.0 = Release|x86
		{395CD9FB-8E1D-4065-8367-B97FDDAF1CCC}.Release|x86.Deploy.0 = Release|x86
		{A00DC523-6F54-4215-A136-0E3C817C2209}.Debug|Any CPU.ActiveCfg = Debug|Any CPU
		{A00DC523-6F54-4215-A136-0E3C817C2209}.Debug|Any CPU.Build.0 = Debug|Any CPU
		{A00DC523-6F54-4215-A136-0E3C817C2209}.Debug|ARM.ActiveCfg = Debug|Any CPU
		{A00DC523-6F54-4215-A136-0E3C817C2209}.Debug|ARM.Build.0 = Debug|Any CPU
		{A00DC523-6F54-4215-A136-0E3C817C2209}.Debug|x64.ActiveCfg = Debug|Any CPU
		{A00DC523-6F54-4215-A136-0E3C817C2209}.Debug|x64.Build.0 = Debug|Any CPU
		{A00DC523-6F54-4215-A136-0E3C817C2209}.Debug|x86.ActiveCfg = Debug|Any CPU
		{A00DC523-6F54-4215-A136-0E3C817C2209}.Debug|x86.Build.0 = Debug|Any CPU
		{A00DC523-6F54-4215-A136-0E3C817C2209}.Release|Any CPU.ActiveCfg = Release|Any CPU
		{A00DC523-6F54-4215-A136-0E3C817C2209}.Release|Any CPU.Build.0 = Release|Any CPU
		{A00DC523-6F54-4215-A136-0E3C817C2209}.Release|ARM.ActiveCfg = Release|Any CPU
		{A00DC523-6F54-4215-A136-0E3C817C2209}.Release|ARM.Build.0 = Release|Any CPU
		{A00DC523-6F54-4215-A136-0E3C817C2209}.Release|x64.ActiveCfg = Release|Any CPU
		{A00DC523-6F54-4215-A136-0E3C817C2209}.Release|x64.Build.0 = Release|Any CPU
		{A00DC523-6F54-4215-A136-0E3C817C2209}.Release|x86.ActiveCfg = Release|Any CPU
		{A00DC523-6F54-4215-A136-0E3C817C2209}.Release|x86.Build.0 = Release|Any CPU
		{8A746D53-EF29-41A3-B6C6-40457CB6F3CA}.Debug|Any CPU.ActiveCfg = Debug|Any CPU
		{8A746D53-EF29-41A3-B6C6-40457CB6F3CA}.Debug|Any CPU.Build.0 = Debug|Any CPU
		{8A746D53-EF29-41A3-B6C6-40457CB6F3CA}.Debug|ARM.ActiveCfg = Debug|Any CPU
		{8A746D53-EF29-41A3-B6C6-40457CB6F3CA}.Debug|ARM.Build.0 = Debug|Any CPU
		{8A746D53-EF29-41A3-B6C6-40457CB6F3CA}.Debug|x64.ActiveCfg = Debug|Any CPU
		{8A746D53-EF29-41A3-B6C6-40457CB6F3CA}.Debug|x64.Build.0 = Debug|Any CPU
		{8A746D53-EF29-41A3-B6C6-40457CB6F3CA}.Debug|x86.ActiveCfg = Debug|Any CPU
		{8A746D53-EF29-41A3-B6C6-40457CB6F3CA}.Debug|x86.Build.0 = Debug|Any CPU
		{8A746D53-EF29-41A3-B6C6-40457CB6F3CA}.Release|Any CPU.ActiveCfg = Release|Any CPU
		{8A746D53-EF29-41A3-B6C6-40457CB6F3CA}.Release|Any CPU.Build.0 = Release|Any CPU
		{8A746D53-EF29-41A3-B6C6-40457CB6F3CA}.Release|ARM.ActiveCfg = Release|Any CPU
		{8A746D53-EF29-41A3-B6C6-40457CB6F3CA}.Release|ARM.Build.0 = Release|Any CPU
		{8A746D53-EF29-41A3-B6C6-40457CB6F3CA}.Release|x64.ActiveCfg = Release|Any CPU
		{8A746D53-EF29-41A3-B6C6-40457CB6F3CA}.Release|x64.Build.0 = Release|Any CPU
		{8A746D53-EF29-41A3-B6C6-40457CB6F3CA}.Release|x86.ActiveCfg = Release|Any CPU
		{8A746D53-EF29-41A3-B6C6-40457CB6F3CA}.Release|x86.Build.0 = Release|Any CPU
	EndGlobalSection
	GlobalSection(SolutionProperties) = preSolution
		HideSolutionNode = FALSE
	EndGlobalSection
	GlobalSection(NestedProjects) = preSolution
		{8A746D53-EF29-41A3-B6C6-40457CB6F3CA} = {80290A9F-878F-4433-A643-426E5154DAF4}
	EndGlobalSection
	GlobalSection(ExtensibilityGlobals) = postSolution
		SolutionGuid = {E79A29DB-C9C2-45E6-BA8D-39DC3CAC4298}
	EndGlobalSection
EndGlobal
